
Microsoft Visual Studio Solution File, Format Version 11.00
# Visual Studio 2010
Project("{FAE04EC0-301F-11D3-BF4B-00C04F79EFBC}") = "Engeline_LuckyEnt", "Engeline_LuckyEnt\Engeline_LuckyEnt.csproj", "{19141D59-4435-4836-97DD-FAFF4B7E8F1F}"
EndProject
Project("{FAE04EC0-301F-11D3-BF4B-00C04F79EFBC}") = "MyHibernate", "MyHibernate\MyHibernate.csproj", "{80652E37-A3AF-4BC2-9A01-4A35997F1CA0}"
EndProject
Global
	GlobalSection(SolutionConfigurationPlatforms) = preSolution
		Debug|Any CPU = Debug|Any CPU
		Debug|Mixed Platforms = Debug|Mixed Platforms
		Debug|x86 = Debug|x86
		Release|Any CPU = Release|Any CPU
		Release|Mixed Platforms = Release|Mixed Platforms
		Release|x86 = Release|x86
	EndGlobalSection
	GlobalSection(ProjectConfigurationPlatforms) = postSolution
		{19141D59-4435-4836-97DD-FAFF4B7E8F1F}.Debug|Any CPU.ActiveCfg = Debug|x86
		{19141D59-4435-4836-97DD-FAFF4B7E8F1F}.Debug|Mixed Platforms.ActiveCfg = Debug|x86
		{19141D59-4435-4836-97DD-FAFF4B7E8F1F}.Debug|Mixed Platforms.Build.0 = Debug|x86
		{19141D59-4435-4836-97DD-FAFF4B7E8F1F}.Debug|x86.ActiveCfg = Debug|x86
		{19141D59-4435-4836-97DD-FAFF4B7E8F1F}.Debug|x86.Build.0 = Debug|x86
		{19141D59-4435-4836-97DD-FAFF4B7E8F1F}.Release|Any CPU.ActiveCfg = Release|x86
		{19141D59-4435-4836-97DD-FAFF4B7E8F1F}.Release|Any CPU.Build.0 = Release|x86
		{19141D59-4435-4836-97DD-FAFF4B7E8F1F}.Release|Mixed Platforms.ActiveCfg = Release|x86
		{19141D59-4435-4836-97DD-FAFF4B7E8F1F}.Release|Mixed Platforms.Build.0 = Release|x86
		{19141D59-4435-4836-97DD-FAFF4B7E8F1F}.Release|x86.ActiveCfg = Release|x86
		{19141D59-4435-4836-97DD-FAFF4B7E8F1F}.Release|x86.Build.0 = Release|x86
		{80652E37-A3AF-4BC2-9A01-4A35997F1CA0}.Debug|Any CPU.ActiveCfg = Debug|Any CPU
		{80652E37-A3AF-4BC2-9A01-4A35997F1CA0}.Debug|Any CPU.Build.0 = Debug|Any CPU
		{80652E37-A3AF-4BC2-9A01-4A35997F1CA0}.Debug|Mixed Platforms.ActiveCfg = Debug|Any CPU
		{80652E37-A3AF-4BC2-9A01-4A35997F1CA0}.Debug|Mixed Platforms.Build.0 = Debug|Any CPU
		{80652E37-A3AF-4BC2-9A01-4A35997F1CA0}.Debug|x86.ActiveCfg = Debug|Any CPU
		{80652E37-A3AF-4BC2-9A01-4A35997F1CA0}.Release|Any CPU.ActiveCfg = Release|Any CPU
		{80652E37-A3AF-4BC2-9A01-4A35997F1CA0}.Release|Any CPU.Build.0 = Release|Any CPU
		{80652E37-A3AF-4BC2-9A01-4A35997F1CA0}.Release|Mixed Platforms.ActiveCfg = Release|Any CPU
		{80652E37-A3AF-4BC2-9A01-4A35997F1CA0}.Release|Mixed Platforms.Build.0 = Release|Any CPU
		{80652E37-A3AF-4BC2-9A01-4A35997F1CA0}.Release|x86.ActiveCfg = Release|Any CPU
	EndGlobalSection
	GlobalSection(SolutionProperties) = preSolution
		HideSolutionNode = FALSE
	EndGlobalSection
EndGlobal
